
Microsoft Visual Studio Solution File, Format Version 12.00
# Visual Studio Version 16
VisualStudioVersion = 16.0.29025.244
MinimumVisualStudioVersion = 10.0.40219.1
Project("{FAE04EC0-301F-11D3-BF4B-00C04F79EFBC}") = "AdventOfCode2022", "AdventOfCode2022\AdventOfCode2022.csproj", "{D2780129-5CEE-4DD3-BD35-96C691C5D30E}"
EndProject
Global
	GlobalSection(SolutionConfigurationPlatforms) = preSolution
		Debug|Any CPU = Debug|Any CPU
		Release|Any CPU = Release|Any CPU
	EndGlobalSection
	GlobalSection(ProjectConfigurationPlatforms) = postSolution
		{D2780129-5CEE-4DD3-BD35-96C691C5D30E}.Debug|Any CPU.ActiveCfg = Debug|Any CPU
		{D2780129-5CEE-4DD3-BD35-96C691C5D30E}.Debug|Any CPU.Build.0 = Debug|Any CPU
		{D2780129-5CEE-4DD3-BD35-96C691C5D30E}.Release|Any CPU.ActiveCfg = Release|Any CPU
		{D2780129-5CEE-4DD3-BD35-96C691C5D30E}.Release|Any CPU.Build.0 = Release|Any CPU
	EndGlobalSection
	GlobalSection(SolutionProperties) = preSolution
		HideSolutionNode = FALSE
	EndGlobalSection
	GlobalSection(ExtensibilityGlobals) = postSolution
		SolutionGuid = {AE41F871-FFB9-4CB8-90FB-C0901494DBBF}
	EndGlobalSection
EndGlobal
